
Microsoft Visual Studio Solution File, Format Version 12.00
# Visual Studio 15
VisualStudioVersion = 15.0.26430.16
MinimumVisualStudioVersion = 10.0.40219.1
Project("{FAE04EC0-301F-11D3-BF4B-00C04F79EFBC}") = "MinDistance", "MinDistance\MinDistance.csproj", "{B2935AC4-69EE-4AEA-A83A-2B172F47403F}"
EndProject
Global
	GlobalSection(SolutionConfigurationPlatforms) = preSolution
		Debug|Any CPU = Debug|Any CPU
		Release|Any CPU = Release|Any CPU
	EndGlobalSection
	GlobalSection(ProjectConfigurationPlatforms) = postSolution
		{B2935AC4-69EE-4AEA-A83A-2B172F47403F}.Debug|Any CPU.ActiveCfg = Debug|Any CPU
		{B2935AC4-69EE-4AEA-A83A-2B172F47403F}.Debug|Any CPU.Build.0 = Debug|Any CPU
		{B2935AC4-69EE-4AEA-A83A-2B172F47403F}.Release|Any CPU.ActiveCfg = Release|Any CPU
		{B2935AC4-69EE-4AEA-A83A-2B172F47403F}.Release|Any CPU.Build.0 = Release|Any CPU
	EndGlobalSection
	GlobalSection(SolutionProperties) = preSolution
		HideSolutionNode = FALSE
	EndGlobalSection
EndGlobal
